// !$*UTF8*$!
{
	archiveVersion = 1;
	classes = {
	};
	objectVersion = 50;
	objects = {

/* Begin PBXBuildFile section */
		19BA6FD226EE11FA00C7558C /* hikeData.json in Resources */ = {isa = PBXBuildFile; fileRef = 19BA6FD126EE11FA00C7558C /* hikeData.json */; };
		19BA6FD426EE122A00C7558C /* Hike.swift in Sources */ = {isa = PBXBuildFile; fileRef = 19BA6FD326EE122A00C7558C /* Hike.swift */; };
		19BA6FDA26EE141200C7558C /* GraphCapsule.swift in Sources */ = {isa = PBXBuildFile; fileRef = 19BA6FD626EE141200C7558C /* GraphCapsule.swift */; };
		19BA6FDB26EE141200C7558C /* HikeGraph.swift in Sources */ = {isa = PBXBuildFile; fileRef = 19BA6FD726EE141200C7558C /* HikeGraph.swift */; };
		19BA6FDC26EE141200C7558C /* HikeDetail.swift in Sources */ = {isa = PBXBuildFile; fileRef = 19BA6FD826EE141200C7558C /* HikeDetail.swift */; };
		19BA6FDD26EE141200C7558C /* HikeView.swift in Sources */ = {isa = PBXBuildFile; fileRef = 19BA6FD926EE141200C7558C /* HikeView.swift */; };
		19BA6FE026EE1A8F00C7558C /* CategoryHome.swift in Sources */ = {isa = PBXBuildFile; fileRef = 19BA6FDF26EE1A8F00C7558C /* CategoryHome.swift */; };
		19BA6FE226EE223B00C7558C /* CategoryRow.swift in Sources */ = {isa = PBXBuildFile; fileRef = 19BA6FE126EE223B00C7558C /* CategoryRow.swift */; };
		19BA6FE426EE250400C7558C /* CategoryItem.swift in Sources */ = {isa = PBXBuildFile; fileRef = 19BA6FE326EE250400C7558C /* CategoryItem.swift */; };
		19BA6FE826EF36D800C7558C /* Profile.swift in Sources */ = {isa = PBXBuildFile; fileRef = 19BA6FE726EF36D800C7558C /* Profile.swift */; };
		19BA6FEB26EF388D00C7558C /* ProfileHost.swift in Sources */ = {isa = PBXBuildFile; fileRef = 19BA6FEA26EF388D00C7558C /* ProfileHost.swift */; };
		19BA6FED26EF392100C7558C /* ProfileSummary.swift in Sources */ = {isa = PBXBuildFile; fileRef = 19BA6FEC26EF392100C7558C /* ProfileSummary.swift */; };
		19BA6FEF26EF3A7F00C7558C /* HikeBadge.swift in Sources */ = {isa = PBXBuildFile; fileRef = 19BA6FEE26EF3A7F00C7558C /* HikeBadge.swift */; };
		19BA6FF126EF407400C7558C /* ProfileEditor.swift in Sources */ = {isa = PBXBuildFile; fileRef = 19BA6FF026EF407400C7558C /* ProfileEditor.swift */; };
		19D9826826E4F98200A6EFEA /* LandmarksApp.swift in Sources */ = {isa = PBXBuildFile; fileRef = 19D9826726E4F98200A6EFEA /* LandmarksApp.swift */; };
		19D9826A26E4F98200A6EFEA /* ContentView.swift in Sources */ = {isa = PBXBuildFile; fileRef = 19D9826926E4F98200A6EFEA /* ContentView.swift */; };
		19D9826C26E4F98400A6EFEA /* Assets.xcassets in Resources */ = {isa = PBXBuildFile; fileRef = 19D9826B26E4F98400A6EFEA /* Assets.xcassets */; };
		19D9826F26E4F98400A6EFEA /* Preview Assets.xcassets in Resources */ = {isa = PBXBuildFile; fileRef = 19D9826E26E4F98400A6EFEA /* Preview Assets.xcassets */; };
		19D9827726E504B400A6EFEA /* CircleImage.swift in Sources */ = {isa = PBXBuildFile; fileRef = 19D9827626E504B400A6EFEA /* CircleImage.swift */; };
		19D9827926E505FB00A6EFEA /* MapView.swift in Sources */ = {isa = PBXBuildFile; fileRef = 19D9827826E505FB00A6EFEA /* MapView.swift */; };
		19D9827D26E53E4200A6EFEA /* landmarkData.json in Resources */ = {isa = PBXBuildFile; fileRef = 19D9827C26E53E4200A6EFEA /* landmarkData.json */; };
		19D9827F26E53E6100A6EFEA /* Landmark.swift in Sources */ = {isa = PBXBuildFile; fileRef = 19D9827E26E53E6100A6EFEA /* Landmark.swift */; };
		19D9828126E541AE00A6EFEA /* ModelData.swift in Sources */ = {isa = PBXBuildFile; fileRef = 19D9828026E541AE00A6EFEA /* ModelData.swift */; };
		19D9828626E5453100A6EFEA /* LandmarkRow.swift in Sources */ = {isa = PBXBuildFile; fileRef = 19D9828526E5453100A6EFEA /* LandmarkRow.swift */; };
		19D9828826E547AE00A6EFEA /* LandmarkList.swift in Sources */ = {isa = PBXBuildFile; fileRef = 19D9828726E547AE00A6EFEA /* LandmarkList.swift */; };
		19D9828A26E549FF00A6EFEA /* LandmarkDetail.swift in Sources */ = {isa = PBXBuildFile; fileRef = 19D9828926E549FF00A6EFEA /* LandmarkDetail.swift */; };
		19D9828C26E7A4A700A6EFEA /* FavoriteButton.swift in Sources */ = {isa = PBXBuildFile; fileRef = 19D9828B26E7A4A700A6EFEA /* FavoriteButton.swift */; };
		19D9829226E7A93F00A6EFEA /* HexagonParameters.swift in Sources */ = {isa = PBXBuildFile; fileRef = 19D9829126E7A93F00A6EFEA /* HexagonParameters.swift */; };
		19D9829426E7AA8C00A6EFEA /* BadgeBackground.swift in Sources */ = {isa = PBXBuildFile; fileRef = 19D9829326E7AA8C00A6EFEA /* BadgeBackground.swift */; };
		19D9829626E7AF3E00A6EFEA /* BadgeSymbol.swift in Sources */ = {isa = PBXBuildFile; fileRef = 19D9829526E7AF3E00A6EFEA /* BadgeSymbol.swift */; };
		19D9829826E7B04900A6EFEA /* RotatedBadgeSymbol.swift in Sources */ = {isa = PBXBuildFile; fileRef = 19D9829726E7B04900A6EFEA /* RotatedBadgeSymbol.swift */; };
		19D9829A26E7B09800A6EFEA /* Badge.swift in Sources */ = {isa = PBXBuildFile; fileRef = 19D9829926E7B09800A6EFEA /* Badge.swift */; };
/* End PBXBuildFile section */

/* Begin PBXFileReference section */
		19BA6FD126EE11FA00C7558C /* hikeData.json */ = {isa = PBXFileReference; fileEncoding = 4; lastKnownFileType = text.json; path = hikeData.json; sourceTree = "<group>"; };
		19BA6FD326EE122A00C7558C /* Hike.swift */ = {isa = PBXFileReference; lastKnownFileType = sourcecode.swift; path = Hike.swift; sourceTree = "<group>"; };
		19BA6FD626EE141200C7558C /* GraphCapsule.swift */ = {isa = PBXFileReference; fileEncoding = 4; lastKnownFileType = sourcecode.swift; path = GraphCapsule.swift; sourceTree = "<group>"; };
		19BA6FD726EE141200C7558C /* HikeGraph.swift */ = {isa = PBXFileReference; fileEncoding = 4; lastKnownFileType = sourcecode.swift; path = HikeGraph.swift; sourceTree = "<group>"; };
		19BA6FD826EE141200C7558C /* HikeDetail.swift */ = {isa = PBXFileReference; fileEncoding = 4; lastKnownFileType = sourcecode.swift; path = HikeDetail.swift; sourceTree = "<group>"; };
		19BA6FD926EE141200C7558C /* HikeView.swift */ = {isa = PBXFileReference; fileEncoding = 4; lastKnownFileType = sourcecode.swift; path = HikeView.swift; sourceTree = "<group>"; };
		19BA6FDF26EE1A8F00C7558C /* CategoryHome.swift */ = {isa = PBXFileReference; lastKnownFileType = sourcecode.swift; path = CategoryHome.swift; sourceTree = "<group>"; };
		19BA6FE126EE223B00C7558C /* CategoryRow.swift */ = {isa = PBXFileReference; lastKnownFileType = sourcecode.swift; path = CategoryRow.swift; sourceTree = "<group>"; };
		19BA6FE326EE250400C7558C /* CategoryItem.swift */ = {isa = PBXFileReference; lastKnownFileType = sourcecode.swift; path = CategoryItem.swift; sourceTree = "<group>"; };
		19BA6FE726EF36D800C7558C /* Profile.swift */ = {isa = PBXFileReference; lastKnownFileType = sourcecode.swift; path = Profile.swift; sourceTree = "<group>"; };
		19BA6FEA26EF388D00C7558C /* ProfileHost.swift */ = {isa = PBXFileReference; lastKnownFileType = sourcecode.swift; path = ProfileHost.swift; sourceTree = "<group>"; };
		19BA6FEC26EF392100C7558C /* ProfileSummary.swift */ = {isa = PBXFileReference; lastKnownFileType = sourcecode.swift; path = ProfileSummary.swift; sourceTree = "<group>"; };
		19BA6FEE26EF3A7F00C7558C /* HikeBadge.swift */ = {isa = PBXFileReference; lastKnownFileType = sourcecode.swift; path = HikeBadge.swift; sourceTree = "<group>"; };
		19BA6FF026EF407400C7558C /* ProfileEditor.swift */ = {isa = PBXFileReference; lastKnownFileType = sourcecode.swift; path = ProfileEditor.swift; sourceTree = "<group>"; };
		19D9826426E4F98200A6EFEA /* Landmarks.app */ = {isa = PBXFileReference; explicitFileType = wrapper.application; includeInIndex = 0; path = Landmarks.app; sourceTree = BUILT_PRODUCTS_DIR; };
		19D9826726E4F98200A6EFEA /* LandmarksApp.swift */ = {isa = PBXFileReference; lastKnownFileType = sourcecode.swift; path = LandmarksApp.swift; sourceTree = "<group>"; };
		19D9826926E4F98200A6EFEA /* ContentView.swift */ = {isa = PBXFileReference; lastKnownFileType = sourcecode.swift; path = ContentView.swift; sourceTree = "<group>"; };
		19D9826B26E4F98400A6EFEA /* Assets.xcassets */ = {isa = PBXFileReference; lastKnownFileType = folder.assetcatalog; path = Assets.xcassets; sourceTree = "<group>"; };
		19D9826E26E4F98400A6EFEA /* Preview Assets.xcassets */ = {isa = PBXFileReference; lastKnownFileType = folder.assetcatalog; path = "Preview Assets.xcassets"; sourceTree = "<group>"; };
		19D9827026E4F98400A6EFEA /* Info.plist */ = {isa = PBXFileReference; lastKnownFileType = text.plist.xml; path = Info.plist; sourceTree = "<group>"; };
		19D9827626E504B400A6EFEA /* CircleImage.swift */ = {isa = PBXFileReference; lastKnownFileType = sourcecode.swift; path = CircleImage.swift; sourceTree = "<group>"; };
		19D9827826E505FB00A6EFEA /* MapView.swift */ = {isa = PBXFileReference; lastKnownFileType = sourcecode.swift; path = MapView.swift; sourceTree = "<group>"; };
		19D9827C26E53E4200A6EFEA /* landmarkData.json */ = {isa = PBXFileReference; fileEncoding = 4; lastKnownFileType = text.json; path = landmarkData.json; sourceTree = "<group>"; };
		19D9827E26E53E6100A6EFEA /* Landmark.swift */ = {isa = PBXFileReference; lastKnownFileType = sourcecode.swift; path = Landmark.swift; sourceTree = "<group>"; };
		19D9828026E541AE00A6EFEA /* ModelData.swift */ = {isa = PBXFileReference; lastKnownFileType = sourcecode.swift; path = ModelData.swift; sourceTree = "<group>"; };
		19D9828526E5453100A6EFEA /* LandmarkRow.swift */ = {isa = PBXFileReference; lastKnownFileType = sourcecode.swift; path = LandmarkRow.swift; sourceTree = "<group>"; };
		19D9828726E547AE00A6EFEA /* LandmarkList.swift */ = {isa = PBXFileReference; lastKnownFileType = sourcecode.swift; path = LandmarkList.swift; sourceTree = "<group>"; };
		19D9828926E549FF00A6EFEA /* LandmarkDetail.swift */ = {isa = PBXFileReference; lastKnownFileType = sourcecode.swift; path = LandmarkDetail.swift; sourceTree = "<group>"; };
		19D9828B26E7A4A700A6EFEA /* FavoriteButton.swift */ = {isa = PBXFileReference; lastKnownFileType = sourcecode.swift; path = FavoriteButton.swift; sourceTree = "<group>"; };
		19D9829126E7A93F00A6EFEA /* HexagonParameters.swift */ = {isa = PBXFileReference; lastKnownFileType = sourcecode.swift; path = HexagonParameters.swift; sourceTree = "<group>"; };
		19D9829326E7AA8C00A6EFEA /* BadgeBackground.swift */ = {isa = PBXFileReference; lastKnownFileType = sourcecode.swift; path = BadgeBackground.swift; sourceTree = "<group>"; };
		19D9829526E7AF3E00A6EFEA /* BadgeSymbol.swift */ = {isa = PBXFileReference; lastKnownFileType = sourcecode.swift; path = BadgeSymbol.swift; sourceTree = "<group>"; };
		19D9829726E7B04900A6EFEA /* RotatedBadgeSymbol.swift */ = {isa = PBXFileReference; lastKnownFileType = sourcecode.swift; path = RotatedBadgeSymbol.swift; sourceTree = "<group>"; };
		19D9829926E7B09800A6EFEA /* Badge.swift */ = {isa = PBXFileReference; lastKnownFileType = sourcecode.swift; path = Badge.swift; sourceTree = "<group>"; };
/* End PBXFileReference section */

/* Begin PBXFrameworksBuildPhase section */
		19D9826126E4F98200A6EFEA /* Frameworks */ = {
			isa = PBXFrameworksBuildPhase;
			buildActionMask = 2147483647;
			files = (
			);
			runOnlyForDeploymentPostprocessing = 0;
		};
/* End PBXFrameworksBuildPhase section */

/* Begin PBXGroup section */
		19BA6FD526EE141200C7558C /* Hikes */ = {
			isa = PBXGroup;
			children = (
				19BA6FD626EE141200C7558C /* GraphCapsule.swift */,
				19BA6FD726EE141200C7558C /* HikeGraph.swift */,
				19BA6FD826EE141200C7558C /* HikeDetail.swift */,
				19BA6FD926EE141200C7558C /* HikeView.swift */,
				19BA6FEE26EF3A7F00C7558C /* HikeBadge.swift */,
			);
			path = Hikes;
			sourceTree = "<group>";
		};
		19BA6FDE26EE1A7C00C7558C /* Categories */ = {
			isa = PBXGroup;
			children = (
				19BA6FDF26EE1A8F00C7558C /* CategoryHome.swift */,
				19BA6FE126EE223B00C7558C /* CategoryRow.swift */,
				19BA6FE326EE250400C7558C /* CategoryItem.swift */,
			);
			path = Categories;
			sourceTree = "<group>";
		};
		19BA6FE926EF387500C7558C /* Profiles */ = {
			isa = PBXGroup;
			children = (
				19BA6FEA26EF388D00C7558C /* ProfileHost.swift */,
				19BA6FEC26EF392100C7558C /* ProfileSummary.swift */,
				19BA6FF026EF407400C7558C /* ProfileEditor.swift */,
			);
			path = Profiles;
			sourceTree = "<group>";
		};
		19D9825B26E4F98200A6EFEA = {
			isa = PBXGroup;
			children = (
				19D9826626E4F98200A6EFEA /* Landmarks */,
				19D9826526E4F98200A6EFEA /* Products */,
			);
			sourceTree = "<group>";
		};
		19D9826526E4F98200A6EFEA /* Products */ = {
			isa = PBXGroup;
			children = (
				19D9826426E4F98200A6EFEA /* Landmarks.app */,
			);
			name = Products;
			sourceTree = "<group>";
		};
		19D9826626E4F98200A6EFEA /* Landmarks */ = {
			isa = PBXGroup;
			children = (
				19D9828326E5448300A6EFEA /* Views */,
				19D9828226E5447300A6EFEA /* Data */,
				19D9828426E5449700A6EFEA /* Resources */,
				19D9826726E4F98200A6EFEA /* LandmarksApp.swift */,
				19D9826B26E4F98400A6EFEA /* Assets.xcassets */,
				19D9827026E4F98400A6EFEA /* Info.plist */,
				19D9826D26E4F98400A6EFEA /* Preview Content */,
			);
			path = Landmarks;
			sourceTree = "<group>";
		};
		19D9826D26E4F98400A6EFEA /* Preview Content */ = {
			isa = PBXGroup;
			children = (
				19D9826E26E4F98400A6EFEA /* Preview Assets.xcassets */,
			);
			path = "Preview Content";
			sourceTree = "<group>";
		};
		19D9828226E5447300A6EFEA /* Data */ = {
			isa = PBXGroup;
			children = (
				19D9827E26E53E6100A6EFEA /* Landmark.swift */,
				19D9828026E541AE00A6EFEA /* ModelData.swift */,
				19BA6FD326EE122A00C7558C /* Hike.swift */,
				19BA6FE726EF36D800C7558C /* Profile.swift */,
			);
			path = Data;
			sourceTree = "<group>";
		};
		19D9828326E5448300A6EFEA /* Views */ = {
			isa = PBXGroup;
			children = (
				19BA6FE926EF387500C7558C /* Profiles */,
				19BA6FDE26EE1A7C00C7558C /* Categories */,
				19D9826926E4F98200A6EFEA /* ContentView.swift */,
				19BA6FD526EE141200C7558C /* Hikes */,
				19D9829B26E7B24900A6EFEA /* Badges */,
				19D9828E26E7A60700A6EFEA /* Helpers */,
				19D9828D26E7A5F000A6EFEA /* Landmarks */,
			);
			path = Views;
			sourceTree = "<group>";
		};
		19D9828426E5449700A6EFEA /* Resources */ = {
			isa = PBXGroup;
			children = (
				19BA6FD126EE11FA00C7558C /* hikeData.json */,
				19D9827C26E53E4200A6EFEA /* landmarkData.json */,
			);
			path = Resources;
			sourceTree = "<group>";
		};
		19D9828D26E7A5F000A6EFEA /* Landmarks */ = {
			isa = PBXGroup;
			children = (
				19D9828926E549FF00A6EFEA /* LandmarkDetail.swift */,
				19D9828726E547AE00A6EFEA /* LandmarkList.swift */,
				19D9828526E5453100A6EFEA /* LandmarkRow.swift */,
				19D9829126E7A93F00A6EFEA /* HexagonParameters.swift */,
			);
			path = Landmarks;
			sourceTree = "<group>";
		};
		19D9828E26E7A60700A6EFEA /* Helpers */ = {
			isa = PBXGroup;
			children = (
				19D9827626E504B400A6EFEA /* CircleImage.swift */,
				19D9827826E505FB00A6EFEA /* MapView.swift */,
				19D9828B26E7A4A700A6EFEA /* FavoriteButton.swift */,
			);
			path = Helpers;
			sourceTree = "<group>";
		};
		19D9829B26E7B24900A6EFEA /* Badges */ = {
			isa = PBXGroup;
			children = (
				19D9829526E7AF3E00A6EFEA /* BadgeSymbol.swift */,
				19D9829726E7B04900A6EFEA /* RotatedBadgeSymbol.swift */,
				19D9829326E7AA8C00A6EFEA /* BadgeBackground.swift */,
				19D9829926E7B09800A6EFEA /* Badge.swift */,
			);
			path = Badges;
			sourceTree = "<group>";
		};
/* End PBXGroup section */

/* Begin PBXNativeTarget section */
		19D9826326E4F98200A6EFEA /* Landmarks */ = {
			isa = PBXNativeTarget;
			buildConfigurationList = 19D9827326E4F98400A6EFEA /* Build configuration list for PBXNativeTarget "Landmarks" */;
			buildPhases = (
				19D9826026E4F98200A6EFEA /* Sources */,
				19D9826126E4F98200A6EFEA /* Frameworks */,
				19D9826226E4F98200A6EFEA /* Resources */,
			);
			buildRules = (
			);
			dependencies = (
			);
			name = Landmarks;
			productName = Landmarks;
			productReference = 19D9826426E4F98200A6EFEA /* Landmarks.app */;
			productType = "com.apple.product-type.application";
		};
/* End PBXNativeTarget section */

/* Begin PBXProject section */
		19D9825C26E4F98200A6EFEA /* Project object */ = {
			isa = PBXProject;
			attributes = {
				LastSwiftUpdateCheck = 1250;
				LastUpgradeCheck = 1250;
				TargetAttributes = {
					19D9826326E4F98200A6EFEA = {
						CreatedOnToolsVersion = 12.5.1;
					};
				};
			};
			buildConfigurationList = 19D9825F26E4F98200A6EFEA /* Build configuration list for PBXProject "Landmarks" */;
			compatibilityVersion = "Xcode 9.3";
			developmentRegion = en;
			hasScannedForEncodings = 0;
			knownRegions = (
				en,
				Base,
			);
			mainGroup = 19D9825B26E4F98200A6EFEA;
			productRefGroup = 19D9826526E4F98200A6EFEA /* Products */;
			projectDirPath = "";
			projectRoot = "";
			targets = (
				19D9826326E4F98200A6EFEA /* Landmarks */,
			);
		};
/* End PBXProject section */

/* Begin PBXResourcesBuildPhase section */
		19D9826226E4F98200A6EFEA /* Resources */ = {
			isa = PBXResourcesBuildPhase;
			buildActionMask = 2147483647;
			files = (
				19BA6FD226EE11FA00C7558C /* hikeData.json in Resources */,
				19D9826F26E4F98400A6EFEA /* Preview Assets.xcassets in Resources */,
				19D9827D26E53E4200A6EFEA /* landmarkData.json in Resources */,
				19D9826C26E4F98400A6EFEA /* Assets.xcassets in Resources */,
			);
			runOnlyForDeploymentPostprocessing = 0;
		};
/* End PBXResourcesBuildPhase section */

/* Begin PBXSourcesBuildPhase section */
		19D9826026E4F98200A6EFEA /* Sources */ = {
			isa = PBXSourcesBuildPhase;
			buildActionMask = 2147483647;
			files = (
				19BA6FE226EE223B00C7558C /* CategoryRow.swift in Sources */,
				19BA6FE826EF36D800C7558C /* Profile.swift in Sources */,
				19D9826A26E4F98200A6EFEA /* ContentView.swift in Sources */,
				19BA6FE026EE1A8F00C7558C /* CategoryHome.swift in Sources */,
				19BA6FDB26EE141200C7558C /* HikeGraph.swift in Sources */,
				19D9829A26E7B09800A6EFEA /* Badge.swift in Sources */,
				19D9827926E505FB00A6EFEA /* MapView.swift in Sources */,
				19BA6FDA26EE141200C7558C /* GraphCapsule.swift in Sources */,
				19D9826826E4F98200A6EFEA /* LandmarksApp.swift in Sources */,
				19D9828C26E7A4A700A6EFEA /* FavoriteButton.swift in Sources */,
				19BA6FE426EE250400C7558C /* CategoryItem.swift in Sources */,
				19BA6FDC26EE141200C7558C /* HikeDetail.swift in Sources */,
				19BA6FED26EF392100C7558C /* ProfileSummary.swift in Sources */,
				19D9829226E7A93F00A6EFEA /* HexagonParameters.swift in Sources */,
				19BA6FEB26EF388D00C7558C /* ProfileHost.swift in Sources */,
				19BA6FD426EE122A00C7558C /* Hike.swift in Sources */,
				19D9829826E7B04900A6EFEA /* RotatedBadgeSymbol.swift in Sources */,
				19D9829626E7AF3E00A6EFEA /* BadgeSymbol.swift in Sources */,
				19BA6FF126EF407400C7558C /* ProfileEditor.swift in Sources */,
				19D9828826E547AE00A6EFEA /* LandmarkList.swift in Sources */,
				19BA6FDD26EE141200C7558C /* HikeView.swift in Sources */,
				19D9828A26E549FF00A6EFEA /* LandmarkDetail.swift in Sources */,
				19D9829426E7AA8C00A6EFEA /* BadgeBackground.swift in Sources */,
				19BA6FEF26EF3A7F00C7558C /* HikeBadge.swift in Sources */,
				19D9827726E504B400A6EFEA /* CircleImage.swift in Sources */,
				19D9827F26E53E6100A6EFEA /* Landmark.swift in Sources */,
				19D9828626E5453100A6EFEA /* LandmarkRow.swift in Sources */,
				19D9828126E541AE00A6EFEA /* ModelData.swift in Sources */,
			);
			runOnlyForDeploymentPostprocessing = 0;
		};
/* End PBXSourcesBuildPhase section */

/* Begin XCBuildConfiguration section */
		19D9827126E4F98400A6EFEA /* Debug */ = {
			isa = XCBuildConfiguration;
			buildSettings = {
				ALWAYS_SEARCH_USER_PATHS = NO;
				CLANG_ANALYZER_NONNULL = YES;
				CLANG_ANALYZER_NUMBER_OBJECT_CONVERSION = YES_AGGRESSIVE;
				CLANG_CXX_LANGUAGE_STANDARD = "gnu++14";
				CLANG_CXX_LIBRARY = "libc++";
				CLANG_ENABLE_MODULES = YES;
				CLANG_ENABLE_OBJC_ARC = YES;
				CLANG_ENABLE_OBJC_WEAK = YES;
				CLANG_WARN_BLOCK_CAPTURE_AUTORELEASING = YES;
				CLANG_WARN_BOOL_CONVERSION = YES;
				CLANG_WARN_COMMA = YES;
				CLANG_WARN_CONSTANT_CONVERSION = YES;
				CLANG_WARN_DEPRECATED_OBJC_IMPLEMENTATIONS = YES;
				CLANG_WARN_DIRECT_OBJC_ISA_USAGE = YES_ERROR;
				CLANG_WARN_DOCUMENTATION_COMMENTS = YES;
				CLANG_WARN_EMPTY_BODY = YES;
				CLANG_WARN_ENUM_CONVERSION = YES;
				CLANG_WARN_INFINITE_RECURSION = YES;
				CLANG_WARN_INT_CONVERSION = YES;
				CLANG_WARN_NON_LITERAL_NULL_CONVERSION = YES;
				CLANG_WARN_OBJC_IMPLICIT_RETAIN_SELF = YES;
				CLANG_WARN_OBJC_LITERAL_CONVERSION = YES;
				CLANG_WARN_OBJC_ROOT_CLASS = YES_ERROR;
				CLANG_WARN_QUOTED_INCLUDE_IN_FRAMEWORK_HEADER = YES;
				CLANG_WARN_RANGE_LOOP_ANALYSIS = YES;
				CLANG_WARN_STRICT_PROTOTYPES = YES;
				CLANG_WARN_SUSPICIOUS_MOVE = YES;
				CLANG_WARN_UNGUARDED_AVAILABILITY = YES_AGGRESSIVE;
				CLANG_WARN_UNREACHABLE_CODE = YES;
				CLANG_WARN__DUPLICATE_METHOD_MATCH = YES;
				COPY_PHASE_STRIP = NO;
				DEBUG_INFORMATION_FORMAT = dwarf;
				ENABLE_STRICT_OBJC_MSGSEND = YES;
				ENABLE_TESTABILITY = YES;
				GCC_C_LANGUAGE_STANDARD = gnu11;
				GCC_DYNAMIC_NO_PIC = NO;
				GCC_NO_COMMON_BLOCKS = YES;
				GCC_OPTIMIZATION_LEVEL = 0;
				GCC_PREPROCESSOR_DEFINITIONS = (
					"DEBUG=1",
					"$(inherited)",
				);
				GCC_WARN_64_TO_32_BIT_CONVERSION = YES;
				GCC_WARN_ABOUT_RETURN_TYPE = YES_ERROR;
				GCC_WARN_UNDECLARED_SELECTOR = YES;
				GCC_WARN_UNINITIALIZED_AUTOS = YES_AGGRESSIVE;
				GCC_WARN_UNUSED_FUNCTION = YES;
				GCC_WARN_UNUSED_VARIABLE = YES;
				IPHONEOS_DEPLOYMENT_TARGET = 14.5;
				MTL_ENABLE_DEBUG_INFO = INCLUDE_SOURCE;
				MTL_FAST_MATH = YES;
				ONLY_ACTIVE_ARCH = YES;
				SDKROOT = iphoneos;
				SWIFT_ACTIVE_COMPILATION_CONDITIONS = DEBUG;
				SWIFT_OPTIMIZATION_LEVEL = "-Onone";
			};
			name = Debug;
		};
		19D9827226E4F98400A6EFEA /* Release */ = {
			isa = XCBuildConfiguration;
			buildSettings = {
				ALWAYS_SEARCH_USER_PATHS = NO;
				CLANG_ANALYZER_NONNULL = YES;
				CLANG_ANALYZER_NUMBER_OBJECT_CONVERSION = YES_AGGRESSIVE;
				CLANG_CXX_LANGUAGE_STANDARD = "gnu++14";
				CLANG_CXX_LIBRARY = "libc++";
				CLANG_ENABLE_MODULES = YES;
				CLANG_ENABLE_OBJC_ARC = YES;
				CLANG_ENABLE_OBJC_WEAK = YES;
				CLANG_WARN_BLOCK_CAPTURE_AUTORELEASING = YES;
				CLANG_WARN_BOOL_CONVERSION = YES;
				CLANG_WARN_COMMA = YES;
				CLANG_WARN_CONSTANT_CONVERSION = YES;
				CLANG_WARN_DEPRECATED_OBJC_IMPLEMENTATIONS = YES;
				CLANG_WARN_DIRECT_OBJC_ISA_USAGE = YES_ERROR;
				CLANG_WARN_DOCUMENTATION_COMMENTS = YES;
				CLANG_WARN_EMPTY_BODY = YES;
				CLANG_WARN_ENUM_CONVERSION = YES;
				CLANG_WARN_INFINITE_RECURSION = YES;
				CLANG_WARN_INT_CONVERSION = YES;
				CLANG_WARN_NON_LITERAL_NULL_CONVERSION = YES;
				CLANG_WARN_OBJC_IMPLICIT_RETAIN_SELF = YES;
				CLANG_WARN_OBJC_LITERAL_CONVERSION = YES;
				CLANG_WARN_OBJC_ROOT_CLASS = YES_ERROR;
				CLANG_WARN_QUOTED_INCLUDE_IN_FRAMEWORK_HEADER = YES;
				CLANG_WARN_RANGE_LOOP_ANALYSIS = YES;
				CLANG_WARN_STRICT_PROTOTYPES = YES;
				CLANG_WARN_SUSPICIOUS_MOVE = YES;
				CLANG_WARN_UNGUARDED_AVAILABILITY = YES_AGGRESSIVE;
				CLANG_WARN_UNREACHABLE_CODE = YES;
				CLANG_WARN__DUPLICATE_METHOD_MATCH = YES;
				COPY_PHASE_STRIP = NO;
				DEBUG_INFORMATION_FORMAT = "dwarf-with-dsym";
				ENABLE_NS_ASSERTIONS = NO;
				ENABLE_STRICT_OBJC_MSGSEND = YES;
				GCC_C_LANGUAGE_STANDARD = gnu11;
				GCC_NO_COMMON_BLOCKS = YES;
				GCC_WARN_64_TO_32_BIT_CONVERSION = YES;
				GCC_WARN_ABOUT_RETURN_TYPE = YES_ERROR;
				GCC_WARN_UNDECLARED_SELECTOR = YES;
				GCC_WARN_UNINITIALIZED_AUTOS = YES_AGGRESSIVE;
				GCC_WARN_UNUSED_FUNCTION = YES;
				GCC_WARN_UNUSED_VARIABLE = YES;
				IPHONEOS_DEPLOYMENT_TARGET = 14.5;
				MTL_ENABLE_DEBUG_INFO = NO;
				MTL_FAST_MATH = YES;
				SDKROOT = iphoneos;
				SWIFT_COMPILATION_MODE = wholemodule;
				SWIFT_OPTIMIZATION_LEVEL = "-O";
				VALIDATE_PRODUCT = YES;
			};
			name = Release;
		};
		19D9827426E4F98400A6EFEA /* Debug */ = {
			isa = XCBuildConfiguration;
			buildSettings = {
				ASSETCATALOG_COMPILER_APPICON_NAME = AppIcon;
				ASSETCATALOG_COMPILER_GLOBAL_ACCENT_COLOR_NAME = AccentColor;
				CODE_SIGN_STYLE = Automatic;
				DEVELOPMENT_ASSET_PATHS = "\"Landmarks/Preview Content\"";
				DEVELOPMENT_TEAM = 8YBV46KYC9;
				ENABLE_PREVIEWS = YES;
				INFOPLIST_FILE = Landmarks/Info.plist;
				IPHONEOS_DEPLOYMENT_TARGET = 14.0;
				LD_RUNPATH_SEARCH_PATHS = (
					"$(inherited)",
					"@executable_path/Frameworks",
				);
				PRODUCT_BUNDLE_IDENTIFIER = "Anton-Bobryshev.Landmarks";
				PRODUCT_NAME = "$(TARGET_NAME)";
				SWIFT_VERSION = 5.0;
				TARGETED_DEVICE_FAMILY = "1,2";
			};
			name = Debug;
		};
		19D9827526E4F98400A6EFEA /* Release */ = {
			isa = XCBuildConfiguration;
			buildSettings = {
				ASSETCATALOG_COMPILER_APPICON_NAME = AppIcon;
				ASSETCATALOG_COMPILER_GLOBAL_ACCENT_COLOR_NAME = AccentColor;
				CODE_SIGN_STYLE = Automatic;
				DEVELOPMENT_ASSET_PATHS = "\"Landmarks/Preview Content\"";
				DEVELOPMENT_TEAM = 8YBV46KYC9;
				ENABLE_PREVIEWS = YES;
				INFOPLIST_FILE = Landmarks/Info.plist;
				IPHONEOS_DEPLOYMENT_TARGET = 14.0;
				LD_RUNPATH_SEARCH_PATHS = (
					"$(inherited)",
					"@executable_path/Frameworks",
				);
				PRODUCT_BUNDLE_IDENTIFIER = "Anton-Bobryshev.Landmarks";
				PRODUCT_NAME = "$(TARGET_NAME)";
				SWIFT_VERSION = 5.0;
				TARGETED_DEVICE_FAMILY = "1,2";
			};
			name = Release;
		};
/* End XCBuildConfiguration section */

/* Begin XCConfigurationList section */
		19D9825F26E4F98200A6EFEA /* Build configuration list for PBXProject "Landmarks" */ = {
			isa = XCConfigurationList;
			buildConfigurations = (
				19D9827126E4F98400A6EFEA /* Debug */,
				19D9827226E4F98400A6EFEA /* Release */,
			);
			defaultConfigurationIsVisible = 0;
			defaultConfigurationName = Release;
		};
		19D9827326E4F98400A6EFEA /* Build configuration list for PBXNativeTarget "Landmarks" */ = {
			isa = XCConfigurationList;
			buildConfigurations = (
				19D9827426E4F98400A6EFEA /* Debug */,
				19D9827526E4F98400A6EFEA /* Release */,
			);
			defaultConfigurationIsVisible = 0;
			defaultConfigurationName = Release;
		};
/* End XCConfigurationList section */
	};
	rootObject = 19D9825C26E4F98200A6EFEA /* Project object */;
}
